
Microsoft Visual Studio Solution File, Format Version 12.00
# Visual Studio 15
Project("{FAE04EC0-301F-11D3-BF4B-00C04F79EFBC}") = "KinectRemoveBG", "KinectRemoveBG.csproj", "{50FF6122-8414-10ED-1558-D655571BD477}"
EndProject
Project("{FAE04EC0-301F-11D3-BF4B-00C04F79EFBC}") = "KinectRemoveBG.Plugins", "KinectRemoveBG.Plugins.csproj", "{A46C91A0-0250-7165-ED3E-D9F8A1F776D9}"
EndProject
Project("{FAE04EC0-301F-11D3-BF4B-00C04F79EFBC}") = "KinectRemoveBG.Editor.Plugins", "KinectRemoveBG.Editor.Plugins.csproj", "{246A65D9-127F-2936-089F-C56849C4D7E6}"
EndProject
Global
	GlobalSection(SolutionConfigurationPlatforms) = preSolution
		Debug|Any CPU = Debug|Any CPU
		Release|Any CPU = Release|Any CPU
	EndGlobalSection
	GlobalSection(ProjectConfigurationPlatforms) = postSolution
		{50FF6122-8414-10ED-1558-D655571BD477}.Debug|Any CPU.ActiveCfg = Debug|Any CPU
		{50FF6122-8414-10ED-1558-D655571BD477}.Debug|Any CPU.Build.0 = Debug|Any CPU
		{50FF6122-8414-10ED-1558-D655571BD477}.Release|Any CPU.ActiveCfg = Release|Any CPU
		{50FF6122-8414-10ED-1558-D655571BD477}.Release|Any CPU.Build.0 = Release|Any CPU
		{A46C91A0-0250-7165-ED3E-D9F8A1F776D9}.Debug|Any CPU.ActiveCfg = Debug|Any CPU
		{A46C91A0-0250-7165-ED3E-D9F8A1F776D9}.Debug|Any CPU.Build.0 = Debug|Any CPU
		{A46C91A0-0250-7165-ED3E-D9F8A1F776D9}.Release|Any CPU.ActiveCfg = Release|Any CPU
		{A46C91A0-0250-7165-ED3E-D9F8A1F776D9}.Release|Any CPU.Build.0 = Release|Any CPU
		{246A65D9-127F-2936-089F-C56849C4D7E6}.Debug|Any CPU.ActiveCfg = Debug|Any CPU
		{246A65D9-127F-2936-089F-C56849C4D7E6}.Debug|Any CPU.Build.0 = Debug|Any CPU
		{246A65D9-127F-2936-089F-C56849C4D7E6}.Release|Any CPU.ActiveCfg = Release|Any CPU
		{246A65D9-127F-2936-089F-C56849C4D7E6}.Release|Any CPU.Build.0 = Release|Any CPU
	EndGlobalSection
	GlobalSection(SolutionProperties) = preSolution
		HideSolutionNode = FALSE
	EndGlobalSection
EndGlobal
